
Microsoft Visual Studio Solution File, Format Version 12.00
# Visual Studio 14
VisualStudioVersion = 14.0.25123.0
MinimumVisualStudioVersion = 10.0.40219.1
Project("{FAE04EC0-301F-11D3-BF4B-00C04F79EFBC}") = "JS.Test", "JS.Test\JS.Test.csproj", "{722EFEF8-52ED-4301-8EA4-B5E2D42471EA}"
EndProject
Global
	GlobalSection(SolutionConfigurationPlatforms) = preSolution
		Debug|Any CPU = Debug|Any CPU
		Release|Any CPU = Release|Any CPU
	EndGlobalSection
	GlobalSection(ProjectConfigurationPlatforms) = postSolution
		{722EFEF8-52ED-4301-8EA4-B5E2D42471EA}.Debug|Any CPU.ActiveCfg = Debug|Any CPU
		{722EFEF8-52ED-4301-8EA4-B5E2D42471EA}.Debug|Any CPU.Build.0 = Debug|Any CPU
		{722EFEF8-52ED-4301-8EA4-B5E2D42471EA}.Release|Any CPU.ActiveCfg = Release|Any CPU
		{722EFEF8-52ED-4301-8EA4-B5E2D42471EA}.Release|Any CPU.Build.0 = Release|Any CPU
	EndGlobalSection
	GlobalSection(SolutionProperties) = preSolution
		HideSolutionNode = FALSE
	EndGlobalSection
EndGlobal
